
Microsoft Visual Studio Solution File, Format Version 12.00
# Visual Studio Version 16
VisualStudioVersion = 16.0.30907.101
MinimumVisualStudioVersion = 10.0.40219.1
Project("{00D1A9C2-B5F0-4AF3-8072-F6C62B433612}") = "Favolog.Database", "Favolog.Database\Favolog.Database.sqlproj", "{7B9E88B8-BE21-4344-BC1D-F7ACA150B362}"
EndProject
Global
	GlobalSection(SolutionConfigurationPlatforms) = preSolution
		Debug|Any CPU = Debug|Any CPU
		Release|Any CPU = Release|Any CPU
	EndGlobalSection
	GlobalSection(ProjectConfigurationPlatforms) = postSolution
		{7B9E88B8-BE21-4344-BC1D-F7ACA150B362}.Debug|Any CPU.ActiveCfg = Debug|Any CPU
		{7B9E88B8-BE21-4344-BC1D-F7ACA150B362}.Debug|Any CPU.Build.0 = Debug|Any CPU
		{7B9E88B8-BE21-4344-BC1D-F7ACA150B362}.Debug|Any CPU.Deploy.0 = Debug|Any CPU
		{7B9E88B8-BE21-4344-BC1D-F7ACA150B362}.Release|Any CPU.ActiveCfg = Release|Any CPU
		{7B9E88B8-BE21-4344-BC1D-F7ACA150B362}.Release|Any CPU.Build.0 = Release|Any CPU
		{7B9E88B8-BE21-4344-BC1D-F7ACA150B362}.Release|Any CPU.Deploy.0 = Release|Any CPU
	EndGlobalSection
	GlobalSection(SolutionProperties) = preSolution
		HideSolutionNode = FALSE
	EndGlobalSection
	GlobalSection(ExtensibilityGlobals) = postSolution
		SolutionGuid = {859B355C-D7F0-4B46-9CD4-99C5A72768D7}
	EndGlobalSection
EndGlobal
